
Microsoft Visual Studio Solution File, Format Version 12.00
# Visual Studio Version 17
VisualStudioVersion = 17.8.34322.80
MinimumVisualStudioVersion = 10.0.40219.1
Project("{8BC9CEB8-8B4A-11D0-8D11-00A0C91BC942}") = "排序应用题", "排序应用题\排序应用题.vcxproj", "{83C993AF-5A5B-4E82-910C-4D08DC7D4DC0}"
EndProject
Project("{8BC9CEB8-8B4A-11D0-8D11-00A0C91BC942}") = "Week_3 大组T4", "..\Week_3 大组T4\Week_3 大组T4\Week_3 大组T4.vcxproj", "{F9A36AA3-ABE8-4D77-A56C-40F170506339}"
EndProject
Global
	GlobalSection(SolutionConfigurationPlatforms) = preSolution
		Debug|x64 = Debug|x64
		Debug|x86 = Debug|x86
		Release|x64 = Release|x64
		Release|x86 = Release|x86
	EndGlobalSection
	GlobalSection(ProjectConfigurationPlatforms) = postSolution
		{83C993AF-5A5B-4E82-910C-4D08DC7D4DC0}.Debug|x64.ActiveCfg = Debug|x64
		{83C993AF-5A5B-4E82-910C-4D08DC7D4DC0}.Debug|x64.Build.0 = Debug|x64
		{83C993AF-5A5B-4E82-910C-4D08DC7D4DC0}.Debug|x86.ActiveCfg = Debug|Win32
		{83C993AF-5A5B-4E82-910C-4D08DC7D4DC0}.Debug|x86.Build.0 = Debug|Win32
		{83C993AF-5A5B-4E82-910C-4D08DC7D4DC0}.Release|x64.ActiveCfg = Release|x64
		{83C993AF-5A5B-4E82-910C-4D08DC7D4DC0}.Release|x64.Build.0 = Release|x64
		{83C993AF-5A5B-4E82-910C-4D08DC7D4DC0}.Release|x86.ActiveCfg = Release|Win32
		{83C993AF-5A5B-4E82-910C-4D08DC7D4DC0}.Release|x86.Build.0 = Release|Win32
		{F9A36AA3-ABE8-4D77-A56C-40F170506339}.Debug|x64.ActiveCfg = Debug|x64
		{F9A36AA3-ABE8-4D77-A56C-40F170506339}.Debug|x64.Build.0 = Debug|x64
		{F9A36AA3-ABE8-4D77-A56C-40F170506339}.Debug|x86.ActiveCfg = Debug|Win32
		{F9A36AA3-ABE8-4D77-A56C-40F170506339}.Debug|x86.Build.0 = Debug|Win32
		{F9A36AA3-ABE8-4D77-A56C-40F170506339}.Release|x64.ActiveCfg = Release|x64
		{F9A36AA3-ABE8-4D77-A56C-40F170506339}.Release|x64.Build.0 = Release|x64
		{F9A36AA3-ABE8-4D77-A56C-40F170506339}.Release|x86.ActiveCfg = Release|Win32
		{F9A36AA3-ABE8-4D77-A56C-40F170506339}.Release|x86.Build.0 = Release|Win32
	EndGlobalSection
	GlobalSection(SolutionProperties) = preSolution
		HideSolutionNode = FALSE
	EndGlobalSection
	GlobalSection(ExtensibilityGlobals) = postSolution
		SolutionGuid = {DAA314AF-EB19-40F7-BBE3-ECD17C7FDC01}
	EndGlobalSection
EndGlobal
